<?xml version="1.0" encoding="utf-8"?>
<Project ToolsVersion="4.0" xmlns="http://schemas.microsoft.com/developer/msbuild/2003">
  <ItemGroup>
    <Filter Include="Source Files">
      <UniqueIdentifier>{4FC737F1-C7A5-4376-A066-2A32D752A2FF}</UniqueIdentifier>
      <Extensions>cpp;c;cc;cxx;def;odl;idl;hpj;bat;asm;asmx</Extensions>
    </Filter>
    <Filter Include="Header Files">
      <UniqueIdentifier>{93995380-89BD-4b04-88EB-625FBE52EBFB}</UniqueIdentifier>
      <Extensions>h;hh;hpp;hxx;hm;inl;inc;xsd</Extensions>
    </Filter>
    <Filter Include="Resource Files">
      <UniqueIdentifier>{67DA6AB6-F800-4c08-8B7A-83BB121AAD01}</UniqueIdentifier>
      <Extensions>rc;ico;cur;bmp;dlg;rc2;rct;bin;rgs;gif;jpg;jpeg;jpe;resx;tiff;tif;png;wav;mfcribbon-ms</Extensions>
    </Filter>
    <Filter Include="Header Files\Configs">
      <UniqueIdentifier>{277e56a8-55bd-4d78-bed9-1355736cd22f}</UniqueIdentifier>
    </Filter>
    <Filter Include="Source Files\Configs">
      <UniqueIdentifier>{d4cc4c99-d5db-4290-b5b0-2d481dbb2854}</UniqueIdentifier>
    </Filter>
    <Filter Include="Header Files\Drawing">
      <UniqueIdentifier>{46481860-6b1e-4654-a6f8-23b1f2491eb9}</UniqueIdentifier>
    </Filter>
    <Filter Include="Source Files\Drawing">
      <UniqueIdentifier>{78d1d0b2-c21d-4479-b6ed-5ec473fbc1a5}</UniqueIdentifier>
    </Filter>
    <Filter Include="Header Files\Workspaces">
      <UniqueIdentifier>{e5b5ca83-7196-4226-af1b-c0cb71fa0d5c}</UniqueIdentifier>
    </Filter>
    <Filter Include="Source Files\Workspaces">
      <UniqueIdentifier>{6c501105-e348-435c-b477-2580a51be990}</UniqueIdentifier>
    </Filter>
  </ItemGroup>
  <ItemGroup>
    <ClInclude Include="Stdafx.h">
      <Filter>Header Files</Filter>
    </ClInclude>
    <ClInclude Include="resource.h">
      <Filter>Header Files</Filter>
    </ClInclude>
    <ClInclude Include="WorkspaceConfigSection.h">
      <Filter>Header Files\Configs</Filter>
    </ClInclude>
    <ClInclude Include="ConInit.h">
      <Filter>Header Files</Filter>
    </ClInclude>
    <ClInclude Include="Renderer.h">
      <Filter>Header Files\Drawing</Filter>
    </ClInclude>
    <ClInclude Include="Common.h">
      <Filter>Header Files</Filter>
    </ClInclude>
    <ClInclude Include="Exceptions.h">
      <Filter>Header Files</Filter>
    </ClInclude>
    <ClInclude Include="Workspace.h">
      <Filter>Header Files\Workspaces</Filter>
    </ClInclude>
    <ClInclude Include="WorkspaceManager.h">
      <Filter>Header Files\Workspaces</Filter>
    </ClInclude>
    <ClInclude Include="LockGuard.h">
      <Filter>Header Files</Filter>
    </ClInclude>
    <ClInclude Include="Message.h">
      <Filter>Header Files\Workspaces</Filter>
    </ClInclude>
    <ClInclude Include="Workspaces.h">
      <Filter>Header Files\Workspaces</Filter>
    </ClInclude>
  </ItemGroup>
  <ItemGroup>
    <ClCompile Include="AssemblyInfo.cpp">
      <Filter>Source Files</Filter>
    </ClCompile>
    <ClCompile Include="Stdafx.cpp">
      <Filter>Source Files</Filter>
    </ClCompile>
    <ClCompile Include="WorkspaceConfigSection.cpp">
      <Filter>Source Files\Configs</Filter>
    </ClCompile>
    <ClCompile Include="ConInit.cpp">
      <Filter>Source Files</Filter>
    </ClCompile>
    <ClCompile Include="Renderer.cpp">
      <Filter>Source Files\Drawing</Filter>
    </ClCompile>
    <ClCompile Include="Workspace.cpp">
      <Filter>Source Files\Workspaces</Filter>
    </ClCompile>
    <ClCompile Include="WorkspaceManager.cpp">
      <Filter>Source Files\Workspaces</Filter>
    </ClCompile>
    <ClCompile Include="Message.cpp">
      <Filter>Source Files\Workspaces</Filter>
    </ClCompile>
  </ItemGroup>
  <ItemGroup>
    <Text Include="ReadMe.txt" />
  </ItemGroup>
  <ItemGroup>
    <ResourceCompile Include="app.rc">
      <Filter>Resource Files</Filter>
    </ResourceCompile>
  </ItemGroup>
  <ItemGroup>
    <Image Include="app.ico">
      <Filter>Resource Files</Filter>
    </Image>
  </ItemGroup>
</Project>