<?xml version="1.0" encoding="utf-8"?>
<Project ToolsVersion="4.0" xmlns="http://schemas.microsoft.com/developer/msbuild/2003">
  <ItemGroup>
    <Filter Include="Source Files">
      <UniqueIdentifier>{4FC737F1-C7A5-4376-A066-2A32D752A2FF}</UniqueIdentifier>
      <Extensions>cpp;c;cc;cxx;def;odl;idl;hpj;bat;asm;asmx</Extensions>
    </Filter>
    <Filter Include="Header Files">
      <UniqueIdentifier>{93995380-89BD-4b04-88EB-625FBE52EBFB}</UniqueIdentifier>
      <Extensions>h;hh;hpp;hxx;hm;inl;inc;xsd</Extensions>
    </Filter>
    <Filter Include="Resource Files">
      <UniqueIdentifier>{67DA6AB6-F800-4c08-8B7A-83BB121AAD01}</UniqueIdentifier>
      <Extensions>rc;ico;cur;bmp;dlg;rc2;rct;bin;rgs;gif;jpg;jpeg;jpe;resx;tiff;tif;png;wav;mfcribbon-ms</Extensions>
    </Filter>
    <Filter Include="Header Files\Core">
      <UniqueIdentifier>{3e811c66-de55-480c-914b-e22531614dac}</UniqueIdentifier>
    </Filter>
    <Filter Include="Header Files\Core\Exceptions">
      <UniqueIdentifier>{667bd366-62dd-4ee0-8f81-3cec9fe35aa4}</UniqueIdentifier>
    </Filter>
    <Filter Include="Source Files\Core">
      <UniqueIdentifier>{60f0116a-413c-467c-ae04-af08b4d7c2a7}</UniqueIdentifier>
    </Filter>
    <Filter Include="Source Files\Core\Exceptions">
      <UniqueIdentifier>{cc437e8a-c9ab-48d1-8a54-627eb1e3fbcc}</UniqueIdentifier>
    </Filter>
  </ItemGroup>
  <ItemGroup>
    <ClInclude Include="Stdafx.h">
      <Filter>Header Files</Filter>
    </ClInclude>
    <ClInclude Include="resource.h">
      <Filter>Header Files</Filter>
    </ClInclude>
    <ClInclude Include="Constants.h">
      <Filter>Header Files\Core</Filter>
    </ClInclude>
    <ClInclude Include="Exception.h">
      <Filter>Header Files\Core\Exceptions</Filter>
    </ClInclude>
    <ClInclude Include="ArgumentException.h">
      <Filter>Header Files\Core\Exceptions</Filter>
    </ClInclude>
    <ClInclude Include="StackTrace.h">
      <Filter>Header Files\Core\Exceptions</Filter>
    </ClInclude>
    <ClInclude Include="DataTypes.h">
      <Filter>Header Files\Core\Exceptions</Filter>
    </ClInclude>
  </ItemGroup>
  <ItemGroup>
    <ClCompile Include="AssemblyInfo.cpp">
      <Filter>Source Files</Filter>
    </ClCompile>
    <ClCompile Include="Stdafx.cpp">
      <Filter>Source Files</Filter>
    </ClCompile>
    <ClCompile Include="Exception.cpp">
      <Filter>Source Files\Core\Exceptions</Filter>
    </ClCompile>
    <ClCompile Include="ArgumentException.cpp">
      <Filter>Source Files\Core\Exceptions</Filter>
    </ClCompile>
    <ClCompile Include="StackTrace.cpp">
      <Filter>Source Files\Core\Exceptions</Filter>
    </ClCompile>
  </ItemGroup>
  <ItemGroup>
    <Text Include="ReadMe.txt" />
  </ItemGroup>
  <ItemGroup>
    <ResourceCompile Include="app.rc">
      <Filter>Resource Files</Filter>
    </ResourceCompile>
  </ItemGroup>
  <ItemGroup>
    <Image Include="app.ico">
      <Filter>Resource Files</Filter>
    </Image>
  </ItemGroup>
</Project>